
Microsoft Visual Studio Solution File, Format Version 12.00
# Visual Studio 15
VisualStudioVersion = 15.0.28010.2016
MinimumVisualStudioVersion = 10.0.40219.1
Project("{FAE04EC0-301F-11D3-BF4B-00C04F79EFBC}") = "VPShelter", "VPShelter\VPShelter.csproj", "{C1600C4F-D381-43FB-BED3-B74A4068603A}"
EndProject
Global
	GlobalSection(SolutionConfigurationPlatforms) = preSolution
		Debug|Any CPU = Debug|Any CPU
		Release|Any CPU = Release|Any CPU
	EndGlobalSection
	GlobalSection(ProjectConfigurationPlatforms) = postSolution
		{C1600C4F-D381-43FB-BED3-B74A4068603A}.Debug|Any CPU.ActiveCfg = Debug|Any CPU
		{C1600C4F-D381-43FB-BED3-B74A4068603A}.Debug|Any CPU.Build.0 = Debug|Any CPU
		{C1600C4F-D381-43FB-BED3-B74A4068603A}.Release|Any CPU.ActiveCfg = Release|Any CPU
		{C1600C4F-D381-43FB-BED3-B74A4068603A}.Release|Any CPU.Build.0 = Release|Any CPU
	EndGlobalSection
	GlobalSection(SolutionProperties) = preSolution
		HideSolutionNode = FALSE
	EndGlobalSection
	GlobalSection(ExtensibilityGlobals) = postSolution
		SolutionGuid = {95C1DA7C-18EF-4853-B791-8B076322A930}
	EndGlobalSection
EndGlobal
